
Microsoft Visual Studio Solution File, Format Version 12.00
# Visual Studio Version 16
VisualStudioVersion = 16.0.31613.86
MinimumVisualStudioVersion = 10.0.40219.1
Project("{FAE04EC0-301F-11D3-BF4B-00C04F79EFBC}") = "SmartSchool.Api", "SmartSchool.Api\SmartSchool.Api.csproj", "{14953017-A51E-4453-8475-77E8305F6317}"
EndProject
Global
	GlobalSection(SolutionConfigurationPlatforms) = preSolution
		Debug|Any CPU = Debug|Any CPU
		Release|Any CPU = Release|Any CPU
	EndGlobalSection
	GlobalSection(ProjectConfigurationPlatforms) = postSolution
		{14953017-A51E-4453-8475-77E8305F6317}.Debug|Any CPU.ActiveCfg = Debug|Any CPU
		{14953017-A51E-4453-8475-77E8305F6317}.Debug|Any CPU.Build.0 = Debug|Any CPU
		{14953017-A51E-4453-8475-77E8305F6317}.Release|Any CPU.ActiveCfg = Release|Any CPU
		{14953017-A51E-4453-8475-77E8305F6317}.Release|Any CPU.Build.0 = Release|Any CPU
	EndGlobalSection
	GlobalSection(SolutionProperties) = preSolution
		HideSolutionNode = FALSE
	EndGlobalSection
	GlobalSection(ExtensibilityGlobals) = postSolution
		SolutionGuid = {5FBEEDD9-E643-423E-937F-3485DCB420DF}
	EndGlobalSection
EndGlobal
